
Microsoft Visual Studio Solution File, Format Version 12.00
# Visual Studio Version 17
VisualStudioVersion = 17.6.33815.320
MinimumVisualStudioVersion = 10.0.40219.1
Project("{FAE04EC0-301F-11D3-BF4B-00C04F79EFBC}") = "CafeAppSql", "CafeAppSql\CafeAppSql.csproj", "{07CF495B-FFB6-4132-B489-2313D3CCBF97}"
EndProject
Global
	GlobalSection(SolutionConfigurationPlatforms) = preSolution
		Debug|Any CPU = Debug|Any CPU
		Release|Any CPU = Release|Any CPU
	EndGlobalSection
	GlobalSection(ProjectConfigurationPlatforms) = postSolution
		{07CF495B-FFB6-4132-B489-2313D3CCBF97}.Debug|Any CPU.ActiveCfg = Debug|Any CPU
		{07CF495B-FFB6-4132-B489-2313D3CCBF97}.Debug|Any CPU.Build.0 = Debug|Any CPU
		{07CF495B-FFB6-4132-B489-2313D3CCBF97}.Release|Any CPU.ActiveCfg = Release|Any CPU
		{07CF495B-FFB6-4132-B489-2313D3CCBF97}.Release|Any CPU.Build.0 = Release|Any CPU
	EndGlobalSection
	GlobalSection(SolutionProperties) = preSolution
		HideSolutionNode = FALSE
	EndGlobalSection
	GlobalSection(ExtensibilityGlobals) = postSolution
		SolutionGuid = {E7C029B9-36BA-4ACE-81EC-45BCC617F73E}
	EndGlobalSection
EndGlobal
